# This lock file was generated by conda-lock (https://github.com/conda/conda-lock). DO NOT EDIT!
#
# A "lock file" contains a concrete list of package versions (with checksums) to be installed. Unlike
# e.g. `conda env create`, the resulting environment will not change as new package versions become
# available, unless you explicitly update the lock file.
#
# Install this environment as "YOURENV" with:
#     conda-lock install -n YOURENV conda-lock.yml
# To update a single package to the latest version compatible with the version constraints in the source:
#     conda-lock lock  --lockfile conda-lock.yml --update PACKAGE
# To re-solve the entire environment, e.g. after changing a version constraint in the source file:
#     conda-lock -f environment.yml --lockfile conda-lock.yml
version: 1
metadata:
  content_hash:
    linux-64: 3aaeff247f2a3ec050489a936460439f199d246792d29dcde2771ff2c683407e
  channels:
  - url: https://fsl.fmrib.ox.ac.uk/fsldownloads/fslconda/public/
    used_env_vars: []
  - url: conda-forge
    used_env_vars: []
  platforms:
  - linux-64
  sources:
  - environment.yml
package:
- name: _openmp_mutex
  version: '4.5'
  manager: conda
  platform: linux-64
  dependencies:
    __glibc: '>=2.17,<3.0.a0'
    libgomp: '>=7.5.0'
  url: https://conda.anaconda.org/conda-forge/linux-64/_openmp_mutex-4.5-20_gnu.conda
  hash:
    md5: a9f577daf3de00bca7c3c76c0ecbd1de
    sha256: 1dd3fffd892081df9726d7eb7e0dea6198962ba775bd88842135a4ddb4deb3c9
  category: main
  optional: false
- name: aws-c-auth
  version: 0.10.4
  manager: conda
  platform: linux-64
  dependencies:
    __glibc: '>=2.17,<3.0.a0'
    aws-c-cal: '>=0.9.15,<0.9.16.0a0'
    aws-c-common: '>=0.14.3,<0.14.4.0a0'
    aws-c-http: '>=0.11.0,<0.11.1.0a0'
    aws-c-io: '>=0.27.5,<0.27.6.0a0'
    aws-c-sdkutils: '>=0.2.7,<0.2.8.0a0'
    libgcc: '>=14'
  url: https://conda.anaconda.org/conda-forge/linux-64/aws-c-auth-0.10.4-h4610da3_2.conda
  hash:
    md5: cefa84dbf94066e7a6902af288a2fedd
    sha256: 0c92dc5ddf4edd4038a63adb79f9f0b03f61e9455ce3253b7d2cf708e06ff99e
  category: main
  optional: false
- name: aws-c-cal
  version: 0.9.15
  manager: conda
  platform: linux-64
  dependencies:
    __glibc: '>=2.17,<3.0.a0'
    aws-c-common: '>=0.14.3,<0.14.4.0a0'
    libgcc: '>=14'
    openssl: '>=3.5.7,<4.0a0'
  url: https://conda.anaconda.org/conda-forge/linux-64/aws-c-cal-0.9.15-h6bbde05_1.conda
  hash:
    md5: 8f2b374c79908f271be3d0e9f1c462a8
    sha256: 6eb21a0129e0aa7c6be733c7f2d1de6bc97a60c8382c1016f19dced722600d73
  category: main
  optional: false
- name: aws-c-common
  version: 0.14.3
  manager: conda
  platform: linux-64
  dependencies:
    __glibc: '>=2.17,<3.0.a0'
    libgcc: '>=14'
  url: https://conda.anaconda.org/conda-forge/linux-64/aws-c-common-0.14.3-hb03c661_0.conda
  hash:
    md5: ce8664d7c01d4a598ad38107b289b5ec
    sha256: 8ea79f36d50ba90d7147fe1a047f9a7f2d33b114a3d4bacf1360cd8df43986e4
  category: main
  optional: false
- name: aws-c-compression
  version: 0.3.2
  manager: conda
  platform: linux-64
  dependencies:
    __glibc: '>=2.17,<3.0.a0'
    aws-c-common: '>=0.14.3,<0.14.4.0a0'
    libgcc: '>=14'
  url: https://conda.anaconda.org/conda-forge/linux-64/aws-c-compression-0.3.2-h01ee8f8_5.conda
  hash:
    md5: ae862abdbb3160f97478d3d4749164c0
    sha256: 27f8581573c533a92a1a9619516ebb66d390b9923d296331985cfd342dc32d29
  category: main
  optional: false
- name: aws-c-http
  version: 0.11.0
  manager: conda
  platform: linux-64
  dependencies:
    __glibc: '>=2.17,<3.0.a0'
    aws-c-cal: '>=0.9.15,<0.9.16.0a0'
    aws-c-common: '>=0.14.3,<0.14.4.0a0'
    aws-c-compression: '>=0.3.2,<0.3.3.0a0'
    aws-c-io: '>=0.27.5,<0.27.6.0a0'
    libgcc: '>=14'
  url: https://conda.anaconda.org/conda-forge/linux-64/aws-c-http-0.11.0-hbe094ff_5.conda
  hash:
    md5: c09f7ec7327b8bd52fc2d6eacaa18d3b
    sha256: a4a5e24b398e7c0ef64de5a341ecb3f0fa87c2879177695c5d0bcbde0c4f8b5e
  category: main
  optional: false
- name: aws-c-io
  version: 0.27.5
  manager: conda
  platform: linux-64
  dependencies:
    __glibc: '>=2.17,<3.0.a0'
    aws-c-cal: '>=0.9.15,<0.9.16.0a0'
    aws-c-common: '>=0.14.3,<0.14.4.0a0'
    libgcc: '>=14'
    s2n: '>=1.7.6,<1.7.7.0a0'
  url: https://conda.anaconda.org/conda-forge/linux-64/aws-c-io-0.27.5-h4f381ba_1.conda
  hash:
    md5: 948f5a4fddac779b7942626e5807caba
    sha256: 76ab4eb6cae12e14244cb1fe11ecccc2f103f8ffa7e80e222099c6b16c19ae20
  category: main
  optional: false
- name: aws-c-s3
  version: 0.13.1
  manager: conda
  platform: linux-64
  dependencies:
    __glibc: '>=2.17,<3.0.a0'
    aws-c-auth: '>=0.10.4,<0.10.5.0a0'
    aws-c-cal: '>=0.9.15,<0.9.16.0a0'
    aws-c-common: '>=0.14.3,<0.14.4.0a0'
    aws-c-http: '>=0.11.0,<0.11.1.0a0'
    aws-c-io: '>=0.27.5,<0.27.6.0a0'
    aws-checksums: '>=0.2.10,<0.2.11.0a0'
    libgcc: '>=14'
    openssl: '>=3.5.7,<4.0a0'
  url: https://conda.anaconda.org/conda-forge/linux-64/aws-c-s3-0.13.1-h7508075_1.conda
  hash:
    md5: 2daf54d3eef87b757f68d7597534dd2f
    sha256: d24f7f34b3b564535b533b17176e71f71b6944aa2cb71813283bece139908d9f
  category: main
  optional: false
- name: aws-c-sdkutils
  version: 0.2.7
  manager: conda
  platform: linux-64
  dependencies:
    __glibc: '>=2.17,<3.0.a0'
    aws-c-common: '>=0.14.3,<0.14.4.0a0'
    libgcc: '>=14'
  url: https://conda.anaconda.org/conda-forge/linux-64/aws-c-sdkutils-0.2.7-h01ee8f8_3.conda
  hash:
    md5: 412f0cf18cc4c4945655dba954ca2d76
    sha256: b308c393a3db78cef29942c6b83ca7321f86d357fbb47504d59f55254601c87a
  category: main
  optional: false
- name: aws-checksums
  version: 0.2.10
  manager: conda
  platform: linux-64
  dependencies:
    __glibc: '>=2.17,<3.0.a0'
    aws-c-common: '>=0.14.3,<0.14.4.0a0'
    libgcc: '>=14'
  url: https://conda.anaconda.org/conda-forge/linux-64/aws-checksums-0.2.10-h01ee8f8_5.conda
  hash:
    md5: 4d70caf5260e0787675c3bf61ae5b64c
    sha256: f8d2cd9faccb273df739fc28431b484a90aca10027ef44f7fec1d4f0bd229a76
  category: main
  optional: false
- name: backports.zstd
  version: 1.7.0
  manager: conda
  platform: linux-64
  dependencies:
    python: '>=3.14'
  url: https://conda.anaconda.org/conda-forge/noarch/backports.zstd-1.7.0-py314h680f03e_1.conda
  hash:
    md5: 67924260a851b5273e39f9b28b6b5e24
    sha256: ad0f78582ee64ec1c66a3daac32986e81b400d3ac719e5a3cbdb22e55065760e
  category: main
  optional: false
- name: bzip2
  version: 1.0.8
  manager: conda
  platform: linux-64
  dependencies:
    __glibc: '>=2.17,<3.0.a0'
    libgcc: '>=14'
  url: https://conda.anaconda.org/conda-forge/linux-64/bzip2-1.0.8-hda65f42_10.conda
  hash:
    md5: e675fabcf81499adc7edf58124fb1e01
    sha256: 1a0d382c515ebf55f8ee1f38c8b81bc95af5c2acc42ad53b66bc5df932032f96
  category: main
  optional: false
- name: c-ares
  version: 1.34.8
  manager: conda
  platform: linux-64
  dependencies:
    __glibc: '>=2.17,<3.0.a0'
    libgcc: '>=15'
  url: https://conda.anaconda.org/conda-forge/linux-64/c-ares-1.34.8-hebe6cf0_2.conda
  hash:
    md5: 3ad2b403be8fc5612b9159e2ce621f69
    sha256: 9c37cc233238adf366ea75b0e845662a5be07ceadf62e458183516369340274b
  category: main
  optional: false
- name: ca-certificates
  version: 2026.7.22
  manager: conda
  platform: linux-64
  dependencies:
    __unix: ''
  url: https://conda.anaconda.org/conda-forge/noarch/ca-certificates-2026.7.22-hbd8a1cb_0.conda
  hash:
    md5: 0f51e2391ade309db462a55611263e9c
    sha256: 0a0544cf95f64394fe4959286f5c71f5444ad58feb0602e53becb27448d24da6
  category: main
  optional: false
- name: cached-property
  version: 2.0.1
  manager: conda
  platform: linux-64
  dependencies:
    cached_property: '>=2.0.1,<2.0.2.0a0'
  url: https://conda.anaconda.org/conda-forge/noarch/cached-property-2.0.1-pyhcf101f3_0.conda
  hash:
    md5: 70e764e549c6c25de5e429d6e4a28b39
    sha256: 39358005c3cc44d8315ed79789b18a960d69365be979970cc6bae8f7a6177703
  category: main
  optional: false
- name: cached_property
  version: 2.0.1
  manager: conda
  platform: linux-64
  dependencies:
    python: '>=3.10'
  url: https://conda.anaconda.org/conda-forge/noarch/cached_property-2.0.1-pyhcf101f3_0.conda
  hash:
    md5: 256d863ded0f79464391a075944d24a6
    sha256: 4bd96dab5a434e4ee59fb6910cae704d4c5b453907d4886272a9943d37e42b6f
  category: main
  optional: false
- name: dill
  version: 0.4.1
  manager: conda
  platform: linux-64
  dependencies:
    python: '>=3.10'
  url: https://conda.anaconda.org/conda-forge/noarch/dill-0.4.1-pyhcf101f3_0.conda
  hash:
    md5: 080a808fce955026bf82107d955d32da
    sha256: 1ef84c0cc4efd0c2d58c3cb365945edbd9ee42a1c54514d1ccba4b641005f757
  category: main
  optional: false
- name: fsl-avwutils
  version: '2209.8'
  manager: conda
  platform: linux-64
  dependencies:
    __glibc: '>=2.17,<3.0.a0'
    fsl-base: ''
    fsl-cprob: '>=2111.0,<2112.0a0'
    fsl-misc_c: ''
    fsl-miscmaths: '>=2412.6,<2413.0a0'
    fsl-newimage: '>=2601.0,<2602.0a0'
    fsl-newnifti: '>=5.0.0,<5.1.0a0'
    fsl-utils: '>=2412.6,<2413.0a0'
    fsl-znzlib: '>=2511.3,<2512.0a0'
    libblas: '>=3.11.0,<4.0a0'
    libgcc: '>=16'
    liblapack: '>=3.11.0,<4.0a0'
    libstdcxx: '>=16'
  url: https://fsl.fmrib.ox.ac.uk/fsldownloads/fslconda/public/linux-64/fsl-avwutils-2209.8-h67d7eeb_2.conda
  hash:
    md5: 0429e78605fd2298627899e0a4076aa5
    sha256: ea2a9eb89877d200c83260ce215acb16172b04dc8cdc46bf03f077a9b4e4c8bf
  category: main
  optional: false
- name: fsl-base
  version: '2608.1'
  manager: conda
  platform: linux-64
  dependencies:
    fsl-installer: ''
    fsl-sub: ''
    fslpy: ''
    python: ''
    pyyaml: ''
    tk: ''
  url: https://fsl.fmrib.ox.ac.uk/fsldownloads/fslconda/public/noarch/fsl-base-2608.1-pyh4616a5c_0.conda
  hash:
    md5: 7364a538037f8ab7c22042804ff04bdb
    sha256: 807d9e77650de04c751b7396d2e912626b99a64da53df09c32cd820d522a424f
  category: main
  optional: false
- name: fsl-cprob
  version: '2111.0'
  manager: conda
  platform: linux-64
  dependencies:
    __glibc: '>=2.17,<3.0.a0'
    fsl-base: ''
    libgcc: '>=15'
    libstdcxx: '>=15'
  url: https://fsl.fmrib.ox.ac.uk/fsldownloads/fslconda/public/linux-64/fsl-cprob-2111.0-h9f0ab69_8.conda
  hash:
    md5: d12efbd2564becad54a5c82c74cd79ab
    sha256: 94c80b8f0ee9c229e780e301bda2f8ada088b4dde254f838be05f8c5631d9f7c
  category: main
  optional: false
- name: fsl-installer
  version: 3.21.0
  manager: conda
  platform: linux-64
  dependencies:
    python: ''
  url: https://fsl.fmrib.ox.ac.uk/fsldownloads/fslconda/public/noarch/fsl-installer-3.21.0-py_0.conda
  hash:
    md5: eeca33c1ddf9905c36346cd9ea718ae1
    sha256: 89c3ce138e69ed3f1faa9d623a5a03372f74eab6e283c8fc07ddc98e6d495019
  category: main
  optional: false
- name: fsl-misc_c
  version: '2111.1'
  manager: conda
  platform: linux-64
  dependencies:
    __glibc: '>=2.17,<3.0.a0'
    fsl-base: ''
    fsl-cprob: '>=2111.0,<2112.0a0'
    libgcc: '>=15'
    libstdcxx: '>=15'
  url: https://fsl.fmrib.ox.ac.uk/fsldownloads/fslconda/public/linux-64/fsl-misc_c-2111.1-h3986bbc_1.conda
  hash:
    md5: a1728a99203a8658795fbc93124b754a
    sha256: cf4cfa654c35f5aa929ffa47e5c5b4c3031553212d531ea45793fb63ca7b2c63
  category: main
  optional: false
- name: fsl-miscmaths
  version: '2412.7'
  manager: conda
  platform: linux-64
  dependencies:
    __glibc: '>=2.17,<3.0.a0'
    fsl-base: ''
    fsl-cprob: '>=2111.0,<2112.0a0'
    fsl-newnifti: '>=5.0.0,<5.1.0a0'
    fsl-utils: '>=2412.6,<2413.0a0'
    libblas: '>=3.11.0,<4.0a0'
    libgcc: '>=16'
    liblapack: '>=3.11.0,<4.0a0'
    libstdcxx: '>=16'
  url: https://fsl.fmrib.ox.ac.uk/fsldownloads/fslconda/public/linux-64/fsl-miscmaths-2412.7-hb1b1de1_0.conda
  hash:
    md5: 5530ca055f9ac4410050a418e01c8ffb
    sha256: e4b1b9071f3ab75b6c92f8dfcc8bed839432d8e671306f1b128c6801550df1bc
  category: main
  optional: false
- name: fsl-newimage
  version: '2601.0'
  manager: conda
  platform: linux-64
  dependencies:
    __glibc: '>=2.17,<3.0.a0'
    fsl-base: ''
    fsl-miscmaths: '>=2412.6,<2413.0a0'
    fsl-newnifti: '>=5.0.0,<5.1.0a0'
    fsl-utils: '>=2412.6,<2413.0a0'
    fsl-znzlib: '>=2511.0,<2512.0a0'
    libblas: '>=3.9.0,<4.0a0'
    libgcc: '>=15'
    liblapack: '>=3.9.0,<4.0a0'
    libstdcxx: '>=15'
  url: https://fsl.fmrib.ox.ac.uk/fsldownloads/fslconda/public/linux-64/fsl-newimage-2601.0-h541c7df_0.conda
  hash:
    md5: f1b46fe2ac66ecccfa4311d4d2f78ef3
    sha256: 7e27e07cc37de25b435458a3232e0759dfb92ac67c55fa1388bc0171f4ac3c99
  category: main
  optional: false
- name: fsl-newnifti
  version: 5.0.0
  manager: conda
  platform: linux-64
  dependencies:
    __glibc: '>=2.17,<3.0.a0'
    fsl-base: ''
    fsl-znzlib: '>=2511.0,<2512.0a0'
    libgcc: '>=15'
    libstdcxx: '>=15'
  url: https://fsl.fmrib.ox.ac.uk/fsldownloads/fslconda/public/linux-64/fsl-newnifti-5.0.0-h56e42e0_0.conda
  hash:
    md5: 8bbf322bce860872d2acccad5c5c680f
    sha256: b6b5305dfed3fbc30ceba9a4da37bd074136bf91373d2a2c611aa82b8f2442ad
  category: main
  optional: false
- name: fsl-sub
  version: '2.11'
  manager: conda
  platform: linux-64
  dependencies:
    python: ''
    ruamel.yaml: '>=0.16.7'
  url: https://fsl.fmrib.ox.ac.uk/fsldownloads/fslconda/public/noarch/fsl-sub-2.11-py_0.conda
  hash:
    md5: 8493536fa3d94fdf201568bd014ffdc8
    sha256: ed1ac37eb66fc79dfed1d6b02576e92a28d9a92c19c9978b96f8c26cc387b546
  category: main
  optional: false
- name: fsl-utils
  version: '2412.6'
  manager: conda
  platform: linux-64
  dependencies:
    __glibc: '>=2.17,<3.0.a0'
    fsl-base: ''
    libblas: '>=3.9.0,<4.0a0'
    libgcc: '>=15'
    liblapack: '>=3.9.0,<4.0a0'
    libstdcxx: '>=15'
  url: https://fsl.fmrib.ox.ac.uk/fsldownloads/fslconda/public/linux-64/fsl-utils-2412.6-hdf63e7b_1.conda
  hash:
    md5: 658d31ec170d8f79e41cbad54ca6617e
    sha256: b6616878217f97dc07aa1358e7282b66e1b18c1236725ca0afe264d01c93b9e0
  category: main
  optional: false
- name: fsl-znzlib
  version: '2511.3'
  manager: conda
  platform: linux-64
  dependencies:
    __glibc: '>=2.17,<3.0.a0'
    bzip2: '>=1.0.8,<2.0a0'
    fsl-base: ''
    fsl-utils: '>=2412.6,<2413.0a0'
    libgcc: '>=16'
    libstdcxx: '>=16'
    libzlib: '>=1.3.2,<2.0a0'
    zstd: '>=1.5.7,<1.6.0a0'
  url: https://fsl.fmrib.ox.ac.uk/fsldownloads/fslconda/public/linux-64/fsl-znzlib-2511.3-hcc786c9_101_zlib.conda
  hash:
    md5: 7a5537bd6167319ac1b7327a5b75b6d3
    sha256: 9722b02e530a5677a7973b24c0612d8e04994213d394743c8c956095ded44334
  category: main
  optional: false
- name: fslpy
  version: 3.29.1
  manager: conda
  platform: linux-64
  dependencies:
    backports.zstd: ''
    dill: ''
    h5py: '>=2.9'
    nibabel: '>=5.4'
    numpy: '>=1.18'
    python: '>=3.11'
    scipy: '>=0.18'
  url: https://conda.anaconda.org/conda-forge/noarch/fslpy-3.29.1-pyhc364b38_0.conda
  hash:
    md5: f752b523a3543768386fbad75cfe687d
    sha256: 76646b1782794b70c13e4e356e95a1107f625291c9d6018436da9feac886fb16
  category: main
  optional: false
- name: h5py
  version: 3.16.0
  manager: conda
  platform: linux-64
  dependencies:
    __glibc: '>=2.17,<3.0.a0'
    cached-property: ''
    hdf5: '>=2.2.0,<3.0a0'
    libgcc: '>=15'
    numpy: '>=1.25,<3'
    python: '>=3.14,<3.15.0a0'
    python_abi: 3.14.*
  url: https://conda.anaconda.org/conda-forge/linux-64/h5py-3.16.0-nompi_py314h77fd174_104.conda
  hash:
    md5: 051e686d87f5ca8265045e31d387af8e
    sha256: 1363d40b13f7fc9423306d1ff46c4f2546f4f3d14e8248cc256210e6509b6313
  category: main
  optional: false
- name: hdf5
  version: 2.2.0
  manager: conda
  platform: linux-64
  dependencies:
    __glibc: '>=2.17,<3.0.a0'
    aws-c-auth: '>=0.10.4,<0.10.5.0a0'
    aws-c-common: '>=0.14.3,<0.14.4.0a0'
    aws-c-http: '>=0.11.0,<0.11.1.0a0'
    aws-c-io: '>=0.27.5,<0.27.6.0a0'
    aws-c-s3: '>=0.13.1,<0.13.2.0a0'
    aws-c-sdkutils: '>=0.2.7,<0.2.8.0a0'
    libaec: '>=1.1.5,<2.0a0'
    libcurl: '>=8.21.0,<9.0a0'
    libgcc: '>=14'
    libgfortran: ''
    libgfortran5: '>=14.4.0'
    libstdcxx: '>=14'
    libzlib: '>=1.3.2,<2.0a0'
    openssl: '>=3.5.7,<4.0a0'
  url: https://conda.anaconda.org/conda-forge/linux-64/hdf5-2.2.0-nompi_hc529623_100.conda
  hash:
    md5: 336f7fb9af0c49cc246e2cff0992c3c4
    sha256: 786d126bfb33b923dd1341a92c2a3edd0ff5d0a71db8557fca9324ea4e93d677
  category: main
  optional: false
- name: icu
  version: '78.3'
  manager: conda
  platform: linux-64
  dependencies:
    __glibc: '>=2.17,<3.0.a0'
    libgcc: '>=14'
    libstdcxx: '>=14'
  url: https://conda.anaconda.org/conda-forge/linux-64/icu-78.3-py310h44b86e0_2.conda
  hash:
    md5: 72a381cbad04f24b1c2a43ef707f45b4
    sha256: 9f07834f0c546ab14d885ce0366285f61f44e326c0edd1fc63b8294e113ae432
  category: main
  optional: false
- name: importlib_resources
  version: 7.1.0
  manager: conda
  platform: linux-64
  dependencies:
    python: '>=3.10'
    zipp: '>=3.1.0'
  url: https://conda.anaconda.org/conda-forge/noarch/importlib_resources-7.1.0-pyhd8ed1ab_0.conda
  hash:
    md5: 0ba6225c279baf7ea9473a62ea0ec9ae
    sha256: a563a51aa522998172838e867e6dedcf630bc45796e8612f5a1f6d73e9c8125a
  category: main
  optional: false
- name: keyutils
  version: 1.6.3
  manager: conda
  platform: linux-64
  dependencies:
    __glibc: '>=2.17,<3.0.a0'
    libgcc: '>=15'
  url: https://conda.anaconda.org/conda-forge/linux-64/keyutils-1.6.3-h7cc23a3_1.conda
  hash:
    md5: ba55d1b89fd7775e67de8291029b4059
    sha256: dd053c96dcb0dcfd59422aefea9d2fe937a190167f34fba7893ec1e10a7e8963
  category: main
  optional: false
- name: krb5
  version: 1.22.2
  manager: conda
  platform: linux-64
  dependencies:
    __glibc: '>=2.17,<3.0.a0'
    keyutils: '>=1.6.3,<2.0a0'
    libedit: '>=3.1.20250104,<3.2.0a0,>=3.1.20250104,<4.0a0'
    libgcc: '>=15'
    libstdcxx: '>=15'
    openssl: '>=3.5.7,<4.0a0'
  url: https://conda.anaconda.org/conda-forge/linux-64/krb5-1.22.2-hbc21106_2.conda
  hash:
    md5: 53318d715316929a574f83591308b1f8
    sha256: 2a5c38c85e63df84c4e69ee71439841ce570d259ae3060627bb9a49a938d66f4
  category: main
  optional: false
- name: ld_impl_linux-64
  version: 2.46.1
  manager: conda
  platform: linux-64
  dependencies:
    __glibc: '>=2.17,<3.0.a0'
    zstd: '>=1.5.7,<1.6.0a0'
  url: https://conda.anaconda.org/conda-forge/linux-64/ld_impl_linux-64-2.46.1-default_hbd61a6d_102.conda
  hash:
    md5: 449500f2c089da11c40f5c21312e3e07
    sha256: 27d83f1188cd19bcb7754a078b3fa7f4cfb8527f8eb2fde54dd01fc529d1adec
  category: main
  optional: false
- name: libaec
  version: 1.1.5
  manager: conda
  platform: linux-64
  dependencies:
    __glibc: '>=2.17,<3.0.a0'
    libgcc: '>=14'
    libstdcxx: '>=14'
  url: https://conda.anaconda.org/conda-forge/linux-64/libaec-1.1.5-h088129d_0.conda
  hash:
    md5: 86f7414544ae606282352fa1e116b41f
    sha256: 822e4ae421a7e9c04e841323526321185f6659222325e1a9aedec811c686e688
  category: main
  optional: false
- name: libblas
  version: 3.11.0
  manager: conda
  platform: linux-64
  dependencies:
    libopenblas: '>=0.3.34,<0.3.35.0a0,>=0.3.34,<1.0a0'
  url: https://conda.anaconda.org/conda-forge/linux-64/libblas-3.11.0-11_h4a7cf45_openblas.conda
  hash:
    md5: b8cce1486f3c62f33291d6318c193d0d
    sha256: d942e0c820d60a613a6f786d074f0820fb6343e3f1ccfb110b1d98b44fb75968
  category: main
  optional: false
- name: libcblas
  version: 3.11.0
  manager: conda
  platform: linux-64
  dependencies:
    libblas: 3.11.0
  url: https://conda.anaconda.org/conda-forge/linux-64/libcblas-3.11.0-11_h0358290_openblas.conda
  hash:
    md5: 73a248c30811075059b5aeda766c2624
    sha256: f7d1bbdea61cf94ba219d17b2cb571a29830f8025385af799bff5a7ad1ef45e6
  category: main
  optional: false
- name: libcurl
  version: 8.22.0
  manager: conda
  platform: linux-64
  dependencies:
    __glibc: '>=2.17,<3.0.a0'
    krb5: '>=1.22.2,<1.23.0a0'
    libgcc: '>=15'
    libnghttp2: '>=1.68.1,<2.0a0'
    libpsl: '>=0.23.1,<0.24.0a0'
    libssh2: '>=1.11.1,<2.0a0'
    libzlib: '>=1.3.2,<2.0a0'
    openssl: '>=3.5.8,<4.0a0'
    zstd: '>=1.5.7,<1.6.0a0'
  url: https://conda.anaconda.org/conda-forge/linux-64/libcurl-8.22.0-ha042cf0_0.conda
  hash:
    md5: e617deee7af8eb0c04f6296d12b54157
    sha256: 483b7eb97f56fbb3a9cb7190d33012dfa0a5aaed99ede61465563cd97dd82504
  category: main
  optional: false
- name: libedit
  version: 3.1.20250104
  manager: conda
  platform: linux-64
  dependencies:
    __glibc: '>=2.17,<3.0.a0'
    libgcc: '>=14'
    ncurses: '>=6.6,<7.0a0'
  url: https://conda.anaconda.org/conda-forge/linux-64/libedit-3.1.20250104-pl5321h373387f_1.conda
  hash:
    md5: 50708d3b951d0f8e2d7f2df5b5edc040
    sha256: 6473eb8caf2aae830f37caa93db9b26dddf7ac84b63229e8bf7fc0e5c3ab95b0
  category: main
  optional: false
- name: libev
  version: '4.33'
  manager: conda
  platform: linux-64
  dependencies:
    __glibc: '>=2.17,<3.0.a0'
    libgcc: '>=14'
  url: https://conda.anaconda.org/conda-forge/linux-64/libev-4.33-h280c20c_3.conda
  hash:
    md5: 7bc31538d6e3fb349e897353969237ec
    sha256: e4418f68d01a6307c4431b585c71b584f40189877364e542ee87deb777f5e85b
  category: main
  optional: false
- name: libexpat
  version: 2.8.5
  manager: conda
  platform: linux-64
  dependencies:
    __glibc: '>=2.17,<3.0.a0'
    libgcc: '>=15'
  url: https://conda.anaconda.org/conda-forge/linux-64/libexpat-2.8.5-hd2095e1_0.conda
  hash:
    md5: 72cfd2b95b0540247220b42f58a148d7
    sha256: 6de73033a7c5f712c9c5a54124e4581e025691029835e5bceaf10a333a7e7bc0
  category: main
  optional: false
- name: libffi
  version: 3.7.0
  manager: conda
  platform: linux-64
  dependencies:
    __glibc: '>=2.17,<3.0.a0'
    libgcc: '>=15'
  url: https://conda.anaconda.org/conda-forge/linux-64/libffi-3.7.0-h81df57d_1.conda
  hash:
    md5: 6525a0b06aa4fd390795f0740636a9dd
    sha256: c8c7583ef063bc3c430f1d48298e5ad24f796a35c22ed5b14183325825a61106
  category: main
  optional: false
- name: libgcc
  version: 16.2.0
  manager: conda
  platform: linux-64
  dependencies:
    __glibc: '>=2.17,<3.0.a0'
    _openmp_mutex: '>=4.5'
  url: https://conda.anaconda.org/conda-forge/linux-64/libgcc-16.2.0-ha9f2e26_7.conda
  hash:
    md5: 735629b400b70eeab21a2ba8f5b1c2ce
    sha256: e031634c3a928f9594eba868bc46ef5230d6571a364a0c63215b06c4563bfcea
  category: main
  optional: false
- name: libgfortran
  version: 16.2.0
  manager: conda
  platform: linux-64
  dependencies:
    libgfortran5: 16.2.0
  url: https://conda.anaconda.org/conda-forge/linux-64/libgfortran-16.2.0-h69a702a_7.conda
  hash:
    md5: 3a8d285f5f22138ef826ad54cf267e73
    sha256: 9682ae4dd11487e10b904b3cb3ab6379cad25233d45fdfdf90d54349df244494
  category: main
  optional: false
- name: libgfortran5
  version: 16.2.0
  manager: conda
  platform: linux-64
  dependencies:
    __glibc: '>=2.17,<3.0.a0'
    libgcc: '>=16.2.0'
  url: https://conda.anaconda.org/conda-forge/linux-64/libgfortran5-16.2.0-h6b99dfc_7.conda
  hash:
    md5: 7719ed7be38ad8c492c4bd5cc2bce0c4
    sha256: 04dbab12c925b92977bb835dd2f5eda413607afa79f95a554e5a04b07a380322
  category: main
  optional: false
- name: libgomp
  version: 16.2.0
  manager: conda
  platform: linux-64
  dependencies:
    __glibc: '>=2.17,<3.0.a0'
  url: https://conda.anaconda.org/conda-forge/linux-64/libgomp-16.2.0-he0feb66_7.conda
  hash:
    md5: d904c7ddd95e026254b4b80808ee9e12
    sha256: 92a0bb350c7be6a4eedcb4e111c60aefd176018e6b1c009a6e025dbe9bbcd758
  category: main
  optional: false
- name: liblapack
  version: 3.11.0
  manager: conda
  platform: linux-64
  dependencies:
    libblas: 3.11.0
  url: https://conda.anaconda.org/conda-forge/linux-64/liblapack-3.11.0-11_h47877c9_openblas.conda
  hash:
    md5: 5622a13917855ce4b953b9e655cf9262
    sha256: 1ad3f43c9319ef398a8ef45989f4903a06e3965b51e77fc669a4c894168a8411
  category: main
  optional: false
- name: liblzma
  version: 5.8.3
  manager: conda
  platform: linux-64
  dependencies:
    __glibc: '>=2.17,<3.0.a0'
    libgcc: '>=14'
  url: https://conda.anaconda.org/conda-forge/linux-64/liblzma-5.8.3-hb03c661_1.conda
  hash:
    md5: 1390b7c5ac0b1d8e447bc5efa6d3c8c2
    sha256: 9787df8c22a59c9a70d3e5a10db9ad663485e75e9ccc3f09bd092cb7b95e0dab
  category: main
  optional: false
- name: libmpdec
  version: 4.0.0
  manager: conda
  platform: linux-64
  dependencies:
    __glibc: '>=2.17,<3.0.a0'
    libgcc: '>=14'
  url: https://conda.anaconda.org/conda-forge/linux-64/libmpdec-4.0.0-hb03c661_2.conda
  hash:
    md5: fcfed1dc5053eb1901b66e7b1fc32588
    sha256: 46820b4a835e175940ae20bec00fdddaff804cda27a1408ab1b95e77a2196437
  category: main
  optional: false
- name: libnghttp2
  version: 1.68.1
  manager: conda
  platform: linux-64
  dependencies:
    __glibc: '>=2.17,<3.0.a0'
    c-ares: '>=1.34.8,<2.0a0'
    libev: '>=4.33,<4.34.0a0,>=4.33,<5.0a0'
    libgcc: '>=15'
    libstdcxx: '>=15'
    libzlib: '>=1.3.2,<2.0a0'
    openssl: '>=3.5.7,<4.0a0'
  url: https://conda.anaconda.org/conda-forge/linux-64/libnghttp2-1.68.1-h74cf4be_1.conda
  hash:
    md5: 75d211f04ac87506f1f43420712a69fe
    sha256: 11a2f54a6f391e25738bce0023e6ef499600147bbcf21c1fa69d2e251b03cc6a
  category: main
  optional: false
- name: libopenblas
  version: 0.3.34
  manager: conda
  platform: linux-64
  dependencies:
    __glibc: '>=2.17,<3.0.a0'
    libgcc: '>=15'
    libgfortran: ''
    libgfortran5: '>=15.3.0'
  url: https://conda.anaconda.org/conda-forge/linux-64/libopenblas-0.3.34-pthreads_hf13c14d_2.conda
  hash:
    md5: 7e19fcd73d7f0997d3cb3326d2586a86
    sha256: 69a722751e14eab2eb3bfdcb9acb1187afbd962b0c49b48d829341e0f6787f60
  category: main
  optional: false
- name: libpsl
  version: 0.23.1
  manager: conda
  platform: linux-64
  dependencies:
    __glibc: '>=2.17,<3.0.a0'
    icu: '>=78.3,<79.0a0'
    libgcc: '>=15'
    libstdcxx: '>=15'
  url: https://conda.anaconda.org/conda-forge/linux-64/libpsl-0.23.1-hd9e3e90_1.conda
  hash:
    md5: 77be60417aa572afcb48cbe0f967401d
    sha256: 09e8effdc89bc5d021349318d32b85594f5b8d8e3ab8f90a85b81f8fe695a566
  category: main
  optional: false
- name: libpython
  version: 3.14.7
  manager: conda
  platform: linux-64
  dependencies:
    __glibc: '>=2.17,<3.0.a0'
    libgcc: '>=15'
    libstdcxx: '>=15'
  url: https://conda.anaconda.org/conda-forge/linux-64/libpython-3.14.7-hdc7f604_106_cp314.conda
  hash:
    md5: 28af2158bb8dbb62e55b0af3b44f9d4a
    sha256: 5f879892bd439c3d94f4a97b06c214b9a19c4b92f74d84f0305c6ca1b2b239b2
  category: main
  optional: false
- name: libsqlite
  version: 3.53.4
  manager: conda
  platform: linux-64
  dependencies:
    __glibc: '>=2.17,<3.0.a0'
    icu: '>=78.3,<79.0a0'
    libgcc: '>=15'
    libzlib: '>=1.3.2,<2.0a0'
  url: https://conda.anaconda.org/conda-forge/linux-64/libsqlite-3.53.4-h13e7031_1.conda
  hash:
    md5: e72bbec309c2b0f37823ee7d4fabfcd3
    sha256: f20d70da54e5b31dd4a51fb1efeaafafd5ab6dd8d7ac9d1438eaa2526ac4ed3d
  category: main
  optional: false
- name: libssh2
  version: 1.11.1
  manager: conda
  platform: linux-64
  dependencies:
    __glibc: '>=2.17,<3.0.a0'
    libgcc: '>=14'
    libzlib: '>=1.3.2,<2.0a0'
    openssl: '>=3.5.7,<4.0a0'
  url: https://conda.anaconda.org/conda-forge/linux-64/libssh2-1.11.1-h6154650_1.conda
  hash:
    md5: 5c526561e1d2a2e071941174eae84557
    sha256: 7e463000fa1cba3f3a6597b776f6ab301d425a96e3bc20d0d9d76a3b9f237aa3
  category: main
  optional: false
- name: libstdcxx
  version: 16.2.0
  manager: conda
  platform: linux-64
  dependencies:
    __glibc: '>=2.17,<3.0.a0'
    libgcc: 16.2.0
  url: https://conda.anaconda.org/conda-forge/linux-64/libstdcxx-16.2.0-h934c35e_7.conda
  hash:
    md5: 9b6707e0caca917fa6ea9ee473f37a5d
    sha256: fa7018298629fc429971fffd6ecba3d27a7b02e4e890d6a93ea01ffebe8cb745
  category: main
  optional: false
- name: libuuid
  version: 2.42.4
  manager: conda
  platform: linux-64
  dependencies:
    __glibc: '>=2.17,<3.0.a0'
    libgcc: '>=15'
  url: https://conda.anaconda.org/conda-forge/linux-64/libuuid-2.42.4-hcfc3c73_0.conda
  hash:
    md5: 54a948337e66706380ff24d6b5fde63f
    sha256: f34b8d1de9a2bf62476d8608057d9b8a918d97444236dc53a47128f2fae79041
  category: main
  optional: false
- name: libzlib
  version: 1.3.2
  manager: conda
  platform: linux-64
  dependencies:
    __glibc: '>=2.17,<3.0.a0'
  url: https://conda.anaconda.org/conda-forge/linux-64/libzlib-1.3.2-h25fd6f3_3.conda
  hash:
    md5: 0de0122d9570a8ab637c6b73db268389
    sha256: eb8a0db0aa570124f7d2a93d7c7f596e3390df5e047818d873baad32985fc736
  category: main
  optional: false
- name: ncurses
  version: '6.6'
  manager: conda
  platform: linux-64
  dependencies:
    __glibc: '>=2.17,<3.0.a0'
    libgcc: '>=14'
  url: https://conda.anaconda.org/conda-forge/linux-64/ncurses-6.6-hdb14827_1.conda
  hash:
    md5: ee6c0cd80a60961a1f48aa3e0b91f986
    sha256: 5d46557214ed184381dafe835b7c94a474a1c3b307a08a250b1ea4779b44ffb3
  category: main
  optional: false
- name: nibabel
  version: 5.4.2
  manager: conda
  platform: linux-64
  dependencies:
    importlib_resources: '>=5.12'
    numpy: '>=1.25'
    packaging: '>=20'
    python: '>=3.10'
    typing_extensions: '>=4.6'
  url: https://conda.anaconda.org/conda-forge/noarch/nibabel-5.4.2-pyhcf101f3_0.conda
  hash:
    md5: 0b944dbae0c49b423e51343fa32f2245
    sha256: b69d81c1570a1a9f25fd90416428d1ad40f49c15e0c1cfe8135ba6c912c985d9
  category: main
  optional: false
- name: numpy
  version: 2.5.3
  manager: conda
  platform: linux-64
  dependencies:
    __glibc: '>=2.17,<3.0.a0'
    libblas: '>=3.9.0,<4.0a0'
    libcblas: '>=3.9.0,<4.0a0'
    libgcc: '>=15'
    liblapack: '>=3.9.0,<4.0a0'
    libstdcxx: '>=15'
    python: ''
    python_abi: 3.14.*
  url: https://conda.anaconda.org/conda-forge/linux-64/numpy-2.5.3-py314hd3a7d6b_0.conda
  hash:
    md5: d1ae35d69e57534c8713ff0368b9fdb9
    sha256: 2aeb4c5a0869a84e69b4e57bfd04911cd148070d667bc598f3bb85366ee40607
  category: main
  optional: false
- name: openssl
  version: 3.6.4
  manager: conda
  platform: linux-64
  dependencies:
    __glibc: '>=2.17,<3.0.a0'
    ca-certificates: ''
    libgcc: '>=15'
  url: https://conda.anaconda.org/conda-forge/linux-64/openssl-3.6.4-h781a0a9_0.conda
  hash:
    md5: 16e3034a330cc625f2c685edec60cf4e
    sha256: 4747b2d6a8336f52343bceb8a1ebf41a9e6e665b9d2e3f989972de53a310599e
  category: main
  optional: false
- name: packaging
  version: '26.3'
  manager: conda
  platform: linux-64
  dependencies:
    python: '>=3.9'
  url: https://conda.anaconda.org/conda-forge/noarch/packaging-26.3-pyhc364b38_0.conda
  hash:
    md5: 936687ed80f295a1f5dbcf8bd34c252c
    sha256: c432626b16768b8dab228bfb706f7060c2d462a21c516d240f68f2f902b5a044
  category: main
  optional: false
- name: python
  version: 3.14.7
  manager: conda
  platform: linux-64
  dependencies:
    __glibc: '>=2.17,<3.0.a0'
    bzip2: '>=1.0.8,<2.0a0'
    ld_impl_linux-64: '>=2.36.1'
    libexpat: '>=2.8.1,<3.0a0'
    libffi: '>=3.7.0,<3.8.0a0'
    libgcc: '>=15'
    liblzma: '>=5.8.3,<6.0a0'
    libmpdec: '>=4.0.0,<5.0a0'
    libpython: 3.14.7
    libsqlite: '>=3.53.4,<4.0a0'
    libuuid: '>=2.42.3,<3.0a0'
    libzlib: '>=1.3.2,<2.0a0'
    ncurses: '>=6.6,<7.0a0'
    openssl: '>=3.5.8,<4.0a0'
    python_abi: 3.14.*
    readline: '>=8.3,<9.0a0'
    tk: '>=8.6.13,<8.7.0a0'
    tzdata: ''
    zstd: '>=1.5.7,<1.6.0a0'
  url: https://conda.anaconda.org/conda-forge/linux-64/python-3.14.7-hcd007b5_106_cp314.conda
  hash:
    md5: 56ee91e118243e46bfc0c41e4030d354
    sha256: 4cd05407d6b07d00fd5b6cc78bd2f60ae5e21f777eb26ead82be2e3751c610a1
  category: main
  optional: false
- name: python_abi
  version: '3.14'
  manager: conda
  platform: linux-64
  dependencies: {}
  url: https://conda.anaconda.org/conda-forge/noarch/python_abi-3.14-9_cp314.conda
  hash:
    md5: 350d89b50d7de805abf2e63e29dee451
    sha256: e7f8e965bbfb98e08feb2365cacdad8bb218fa5b5a0a2752f747287f425f213c
  category: main
  optional: false
- name: pyyaml
  version: 6.0.3
  manager: conda
  platform: linux-64
  dependencies:
    __glibc: '>=2.17,<3.0.a0'
    libgcc: '>=14'
    python: '>=3.14,<3.15.0a0'
    python_abi: 3.14.*
    yaml: '>=0.2.5,<0.3.0a0'
  url: https://conda.anaconda.org/conda-forge/linux-64/pyyaml-6.0.3-py314h67df5f8_1.conda
  hash:
    md5: 2035f68f96be30dc60a5dfd7452c7941
    sha256: b318fb070c7a1f89980ef124b80a0b5ccf3928143708a85e0053cde0169c699d
  category: main
  optional: false
- name: readline
  version: '8.3'
  manager: conda
  platform: linux-64
  dependencies:
    __glibc: '>=2.17,<3.0.a0'
    libgcc: '>=15'
    ncurses: '>=6.6,<7.0a0'
  url: https://conda.anaconda.org/conda-forge/linux-64/readline-8.3-hd6e31c0_1.conda
  hash:
    md5: 69c01c781e7c8190bbdaf79e3848c5ca
    sha256: 01b3fe073a66e321970d09e04b388708f8cbdca5cdfbfcb7c9eeb470ad10383d
  category: main
  optional: false
- name: ruamel.yaml
  version: 0.19.1
  manager: conda
  platform: linux-64
  dependencies:
    python: '>=3.10'
    ruamel.yaml.clib: '>=0.2.15'
  url: https://conda.anaconda.org/conda-forge/noarch/ruamel.yaml-0.19.1-pyhcf101f3_0.conda
  hash:
    md5: 06ad944772941d5dae1e0d09848d8e49
    sha256: b48bebe297a63ae60f52e50be328262e880702db4d9b4e86731473ada459c2a1
  category: main
  optional: false
- name: ruamel.yaml.clib
  version: 0.2.15
  manager: conda
  platform: linux-64
  dependencies:
    __glibc: '>=2.17,<3.0.a0'
    libgcc: '>=15'
    python: ''
    python_abi: 3.14.*
  url: https://conda.anaconda.org/conda-forge/linux-64/ruamel.yaml.clib-0.2.15-py314hfe1a184_5.conda
  hash:
    md5: 2c8de2bca562cd68bdcfd0920a6395b9
    sha256: a1e3159f6d131fb7c6a17a1812ec9b53e03e485a78901781ccaef82c8196774c
  category: main
  optional: false
- name: s2n
  version: 1.7.6
  manager: conda
  platform: linux-64
  dependencies:
    __glibc: '>=2.17,<3.0.a0'
    libgcc: '>=14'
    openssl: '>=3.5.7,<4.0a0'
  url: https://conda.anaconda.org/conda-forge/linux-64/s2n-1.7.6-h7e3ee7f_0.conda
  hash:
    md5: e112cadcd79412d81496e784884bddf0
    sha256: 1e1ccc56fdf3fe82150b4eac1d626c806e612af208fbf40ce3abfe9a2eb2a626
  category: main
  optional: false
- name: scipy
  version: 1.18.1
  manager: conda
  platform: linux-64
  dependencies:
    __glibc: '>=2.17,<3.0.a0'
    libblas: '>=3.9.0,<4.0a0'
    libcblas: '>=3.9.0,<4.0a0'
    libgcc: '>=15'
    libgfortran: ''
    libgfortran5: '>=15.3.0'
    liblapack: '>=3.9.0,<4.0a0'
    libstdcxx: '>=15'
    numpy: <2.8,>=1.25,<3,>=2.0.0
    python: '>=3.14,<3.15.0a0'
    python_abi: 3.14.*
  url: https://conda.anaconda.org/conda-forge/linux-64/scipy-1.18.1-py314h36f0660_1.conda
  hash:
    md5: 2c5a3b238546edf4e3ea3bd9c1b9fa03
    sha256: d51ca962cc65f892c6e3bbcddb9c4093c83368647985cdf2b29e71ade750103b
  category: main
  optional: false
- name: tk
  version: 8.6.13
  manager: conda
  platform: linux-64
  dependencies:
    __glibc: '>=2.17,<3.0.a0'
    libgcc: '>=15'
    libzlib: '>=1.3.2,<2.0a0'
  url: https://conda.anaconda.org/conda-forge/linux-64/tk-8.6.13-noxft_h1df4ec4_4.conda
  hash:
    md5: 676a2f9b1c4fcf57b70aa5c65f6c60d0
    sha256: a1a241d172c1ccab067ba245206dd048bc3c2d1b84504b53c9468e99adfc16a1
  category: main
  optional: false
- name: typing_extensions
  version: 4.16.0
  manager: conda
  platform: linux-64
  dependencies:
    python: '>=3.10'
  url: https://conda.anaconda.org/conda-forge/noarch/typing_extensions-4.16.0-pyhcf101f3_0.conda
  hash:
    md5: c70ad746c22219b9700931707482992c
    sha256: 2d888f90af0686044882c74193ec80a90ec1943145d94a7b1b048958acda1848
  category: main
  optional: false
- name: tzdata
  version: 2026c
  manager: conda
  platform: linux-64
  dependencies: {}
  url: https://conda.anaconda.org/conda-forge/noarch/tzdata-2026c-h151e31d_0.conda
  hash:
    md5: fcb489df604d100968b737f2cb6076c6
    sha256: b928c30ddcb0e3f544c6eade8352737e6e610e263276b90232db6a578ef899d8
  category: main
  optional: false
- name: yaml
  version: 0.2.5
  manager: conda
  platform: linux-64
  dependencies:
    __glibc: '>=2.17,<3.0.a0'
    libgcc: '>=15'
  url: https://conda.anaconda.org/conda-forge/linux-64/yaml-0.2.5-hebe6cf0_3.conda
  hash:
    md5: e741576fb8f89821ac7c1c537322a33d
    sha256: d164dfa75ecd538f6fd68765defcc06aa875bc697b9b215362d79a2a73125dd0
  category: main
  optional: false
- name: zipp
  version: 4.1.0
  manager: conda
  platform: linux-64
  dependencies:
    python: '>=3.10'
  url: https://conda.anaconda.org/conda-forge/noarch/zipp-4.1.0-pyhcf101f3_0.conda
  hash:
    md5: ba3dcdc8584155c97c648ae9c044b7a3
    sha256: 210bd31c22bb88f5e2a167df24c95bb5f152b2ada7502f9b8c49d1f5366db423
  category: main
  optional: false
- name: zstd
  version: 1.5.7
  manager: conda
  platform: linux-64
  dependencies:
    __glibc: '>=2.17,<3.0.a0'
    libzlib: '>=1.3.2,<2.0a0'
  url: https://conda.anaconda.org/conda-forge/linux-64/zstd-1.5.7-hb78ec9c_7.conda
  hash:
    md5: aa459086047c0e5e27023ab19f8cb86a
    sha256: 47d682b9f6d6ec9eb1a6e6c3e75ea6273e899e78fb7fc59f81d39745009fbc60
  category: main
  optional: false
